github.com/golang-jwt/jwt/v5 v5.0.0-rc.1 h1:tDQ1LjKga657layZ4JLsRdxgvupebc0xuPwRNuTfUgs=
github.com/golang-jwt/jwt/v5 v5.0.0-rc.1/go.mod h1:pqrtFR0X4osieyHYxtmOUWsAWrfe1Q5UVIyoH402zdk=
github.com/gorilla/mux v1.8.0 h1:i40aqfkR1h2SlN9hojwV5ZA91wcXFOvkdNIeFDP5koI=
github.com/gorilla/mux v1.8.0/go.mod h1:DVbg23sWSpFRCP0SfiEN6jmj59UnW/n46BH5rLB71So=
github.com/gorilla/websocket v1.5.0 h1:PPwGk2jz7EePpoHN/+ClbZu8SPxiqlu12wZP/3sWmnc=
github.com/gorilla/websocket v1.5.0/go.mod h1:YR8l580nyteQvAITg2hZ9XVh4b55+EU/adAjf1fMHhE=
github.com/sparkscience/wskeyid-golang v1.0.2 h1:3XVBRG54JMpmZeCv3ql/lFC6d3zPXqRUrbVxiwEHJXM=
github.com/sparkscience/wskeyid-golang v1.0.2/go.mod h1:2u018nT/lb15Mhb+n6OSTJVVbq4TumG1faSmdatB2IU=
